// !$*UTF8*$!
{
	archiveVersion = 1;
	classes = {
	};
	objectVersion = 77;
	objects = {

/* Begin PBXBuildFile section */
		3A25C0BB2D958AC000955407 /* VPNclientEngineIOS.framework in Frameworks */ = {isa = PBXBuildFile; fileRef = 3A25C0B32D958AC000955407 /* VPNclientEngineIOS.framework */; };
		3A25C0BC2D958AC000955407 /* VPNclientEngineIOS.framework in Embed Frameworks */ = {isa = PBXBuildFile; fileRef = 3A25C0B32D958AC000955407 /* VPNclientEngineIOS.framework */; settings = {ATTRIBUTES = (CodeSignOnCopy, RemoveHeadersOnCopy, ); }; };
		D8020B9C2D838FAA008F36CF /* NetworkExtension.framework in Frameworks */ = {isa = PBXBuildFile; fileRef = D8020B702D838F20008F36CF /* NetworkExtension.framework */; };
		D8020BA42D838FAA008F36CF /* PacketTunnelProvider.appex in Embed Foundation Extensions */ = {isa = PBXBuildFile; fileRef = D8020B9B2D838FAA008F36CF /* PacketTunnelProvider.appex */; settings = {ATTRIBUTES = (RemoveHeadersOnCopy, ); }; };
		D8020BCB2D839405008F36CF /* HevSocks5Tunnel.xcframework in Frameworks */ = {isa = PBXBuildFile; fileRef = D8020BCA2D839405008F36CF /* HevSocks5Tunnel.xcframework */; };
/* End PBXBuildFile section */

/* Begin PBXContainerItemProxy section */
		3A25C0B92D958AC000955407 /* PBXContainerItemProxy */ = {
			isa = PBXContainerItemProxy;
			containerPortal = D8020B4E2D838DF0008F36CF /* Project object */;
			proxyType = 1;
			remoteGlobalIDString = 3A25C0B22D958AC000955407;
			remoteInfo = VPNclientEngineIOS;
		};
		D8020BA22D838FAA008F36CF /* PBXContainerItemProxy */ = {
			isa = PBXContainerItemProxy;
			containerPortal = D8020B4E2D838DF0008F36CF /* Project object */;
			proxyType = 1;
			remoteGlobalIDString = D8020B9A2D838FAA008F36CF;
			remoteInfo = PacketTunnelProvider;
		};
/* End PBXContainerItemProxy section */

/* Begin PBXCopyFilesBuildPhase section */
		3A25C0BD2D958AC000955407 /* Embed Frameworks */ = {
			isa = PBXCopyFilesBuildPhase;
			buildActionMask = 2147483647;
			dstPath = "";
			dstSubfolderSpec = 10;
			files = (
				3A25C0BC2D958AC000955407 /* VPNclientEngineIOS.framework in Embed Frameworks */,
			);
			name = "Embed Frameworks";
			runOnlyForDeploymentPostprocessing = 0;
		};
		D8020B7E2D838F20008F36CF /* Embed Foundation Extensions */ = {
			isa = PBXCopyFilesBuildPhase;
			buildActionMask = 2147483647;
			dstPath = "";
			dstSubfolderSpec = 13;
			files = (
				D8020BA42D838FAA008F36CF /* PacketTunnelProvider.appex in Embed Foundation Extensions */,
			);
			name = "Embed Foundation Extensions";
			runOnlyForDeploymentPostprocessing = 0;
		};
/* End PBXCopyFilesBuildPhase section */

/* Begin PBXFileReference section */
		3A1EF5DE2D9E7AD4000C3C51 /* PacketTunnelProvider copy-Info.plist */ = {isa = PBXFileReference; lastKnownFileType = text.plist.xml; name = "PacketTunnelProvider copy-Info.plist"; path = "/Users/anton/proj/VPNclient/VPNclient-engine-ios/PacketTunnelProvider copy-Info.plist"; sourceTree = "<absolute>"; };
		3A25C0B32D958AC000955407 /* VPNclientEngineIOS.framework */ = {isa = PBXFileReference; explicitFileType = wrapper.framework; includeInIndex = 0; path = VPNclientEngineIOS.framework; sourceTree = BUILT_PRODUCTS_DIR; };
		D8020B562D838DF0008F36CF /* VPNclientEngine.app */ = {isa = PBXFileReference; explicitFileType = wrapper.application; includeInIndex = 0; path = VPNclientEngine.app; sourceTree = BUILT_PRODUCTS_DIR; };
		D8020B702D838F20008F36CF /* NetworkExtension.framework */ = {isa = PBXFileReference; lastKnownFileType = wrapper.framework; name = NetworkExtension.framework; path = System/Library/Frameworks/NetworkExtension.framework; sourceTree = SDKROOT; };
		D8020B9B2D838FAA008F36CF /* PacketTunnelProvider.appex */ = {isa = PBXFileReference; explicitFileType = "wrapper.app-extension"; includeInIndex = 0; path = PacketTunnelProvider.appex; sourceTree = BUILT_PRODUCTS_DIR; };
		D8020BCA2D839405008F36CF /* HevSocks5Tunnel.xcframework */ = {isa = PBXFileReference; lastKnownFileType = wrapper.xcframework; path = HevSocks5Tunnel.xcframework; sourceTree = "<group>"; };
/* End PBXFileReference section */

/* Begin PBXFileSystemSynchronizedBuildFileExceptionSet section */
		3A25C0C02D958AC000955407 /* Exceptions for "VPNclientEngineIOS" folder in "VPNclientEngineIOS" target */ = {
			isa = PBXFileSystemSynchronizedBuildFileExceptionSet;
			publicHeaders = (
				VPNclientEngineIOS.h,
			);
			target = 3A25C0B22D958AC000955407 /* VPNclientEngineIOS */;
		};
		D8020BA52D838FAA008F36CF /* Exceptions for "PacketTunnelProvider" folder in "PacketTunnelProvider" target */ = {
			isa = PBXFileSystemSynchronizedBuildFileExceptionSet;
			membershipExceptions = (
				Info.plist,
			);
			target = D8020B9A2D838FAA008F36CF /* PacketTunnelProvider */;
		};
/* End PBXFileSystemSynchronizedBuildFileExceptionSet section */

/* Begin PBXFileSystemSynchronizedRootGroup section */
		3A25C0B42D958AC000955407 /* VPNclientEngineIOS */ = {
			isa = PBXFileSystemSynchronizedRootGroup;
			exceptions = (
				3A25C0C02D958AC000955407 /* Exceptions for "VPNclientEngineIOS" folder in "VPNclientEngineIOS" target */,
			);
			path = VPNclientEngineIOS;
			sourceTree = "<group>";
		};
		D8020B582D838DF0008F36CF /* cntrlr */ = {
			isa = PBXFileSystemSynchronizedRootGroup;
			path = cntrlr;
			sourceTree = "<group>";
		};
		D8020B9D2D838FAA008F36CF /* PacketTunnelProvider */ = {
			isa = PBXFileSystemSynchronizedRootGroup;
			exceptions = (
				D8020BA52D838FAA008F36CF /* Exceptions for "PacketTunnelProvider" folder in "PacketTunnelProvider" target */,
			);
			path = PacketTunnelProvider;
			sourceTree = "<group>";
		};
/* End PBXFileSystemSynchronizedRootGroup section */

/* Begin PBXFrameworksBuildPhase section */
		3A25C0B02D958AC000955407 /* Frameworks */ = {
			isa = PBXFrameworksBuildPhase;
			buildActionMask = 2147483647;
			files = (
			);
			runOnlyForDeploymentPostprocessing = 0;
		};
		D8020B532D838DF0008F36CF /* Frameworks */ = {
			isa = PBXFrameworksBuildPhase;
			buildActionMask = 2147483647;
			files = (
				3A25C0BB2D958AC000955407 /* VPNclientEngineIOS.framework in Frameworks */,
			);
			runOnlyForDeploymentPostprocessing = 0;
		};
		D8020B982D838FAA008F36CF /* Frameworks */ = {
			isa = PBXFrameworksBuildPhase;
			buildActionMask = 2147483647;
			files = (
				D8020B9C2D838FAA008F36CF /* NetworkExtension.framework in Frameworks */,
				D8020BCB2D839405008F36CF /* HevSocks5Tunnel.xcframework in Frameworks */,
			);
			runOnlyForDeploymentPostprocessing = 0;
		};
/* End PBXFrameworksBuildPhase section */

/* Begin PBXGroup section */
		D8020B4D2D838DF0008F36CF = {
			isa = PBXGroup;
			children = (
				D8020B582D838DF0008F36CF /* cntrlr */,
				D8020B9D2D838FAA008F36CF /* PacketTunnelProvider */,
				3A25C0B42D958AC000955407 /* VPNclientEngineIOS */,
				D8020B6F2D838F20008F36CF /* Frameworks */,
				3A1EF5DE2D9E7AD4000C3C51 /* PacketTunnelProvider copy-Info.plist */,
				D8020B572D838DF0008F36CF /* Products */,
			);
			sourceTree = "<group>";
		};
		D8020B572D838DF0008F36CF /* Products */ = {
			isa = PBXGroup;
			children = (
				D8020B562D838DF0008F36CF /* VPNclientEngine.app */,
				D8020B9B2D838FAA008F36CF /* PacketTunnelProvider.appex */,
				3A25C0B32D958AC000955407 /* VPNclientEngineIOS.framework */,
			);
			name = Products;
			sourceTree = "<group>";
		};
		D8020B6F2D838F20008F36CF /* Frameworks */ = {
			isa = PBXGroup;
			children = (
				D8020BCA2D839405008F36CF /* HevSocks5Tunnel.xcframework */,
				D8020B702D838F20008F36CF /* NetworkExtension.framework */,
			);
			name = Frameworks;
			sourceTree = "<group>";
		};
/* End PBXGroup section */

/* Begin PBXHeadersBuildPhase section */
		3A25C0AE2D958AC000955407 /* Headers */ = {
			isa = PBXHeadersBuildPhase;
			buildActionMask = 2147483647;
			files = (
			);
			runOnlyForDeploymentPostprocessing = 0;
		};
/* End PBXHeadersBuildPhase section */

/* Begin PBXNativeTarget section */
		3A25C0B22D958AC000955407 /* VPNclientEngineIOS */ = {
			isa = PBXNativeTarget;
			buildConfigurationList = 3A25C0C12D958AC000955407 /* Build configuration list for PBXNativeTarget "VPNclientEngineIOS" */;
			buildPhases = (
				3A25C0AE2D958AC000955407 /* Headers */,
				3A25C0AF2D958AC000955407 /* Sources */,
				3A25C0B02D958AC000955407 /* Frameworks */,
				3A25C0B12D958AC000955407 /* Resources */,
			);
			buildRules = (
			);
			dependencies = (
			);
			fileSystemSynchronizedGroups = (
				3A25C0B42D958AC000955407 /* VPNclientEngineIOS */,
			);
			name = VPNclientEngineIOS;
			packageProductDependencies = (
			);
			productName = VPNclientEngineIOS;
			productReference = 3A25C0B32D958AC000955407 /* VPNclientEngineIOS.framework */;
			productType = "com.apple.product-type.framework";
		};
		D8020B552D838DF0008F36CF /* VPNclientEngine */ = {
			isa = PBXNativeTarget;
			buildConfigurationList = D8020B662D838DF1008F36CF /* Build configuration list for PBXNativeTarget "VPNclientEngine" */;
			buildPhases = (
				D8020B522D838DF0008F36CF /* Sources */,
				D8020B532D838DF0008F36CF /* Frameworks */,
				D8020B542D838DF0008F36CF /* Resources */,
				D8020B7E2D838F20008F36CF /* Embed Foundation Extensions */,
				3A25C0BD2D958AC000955407 /* Embed Frameworks */,
			);
			buildRules = (
			);
			dependencies = (
				D8020BA32D838FAA008F36CF /* PBXTargetDependency */,
				3A25C0BA2D958AC000955407 /* PBXTargetDependency */,
			);
			fileSystemSynchronizedGroups = (
				D8020B582D838DF0008F36CF /* cntrlr */,
			);
			name = VPNclientEngine;
			packageProductDependencies = (
			);
			productName = cntrlr;
			productReference = D8020B562D838DF0008F36CF /* VPNclientEngine.app */;
			productType = "com.apple.product-type.application";
		};
		D8020B9A2D838FAA008F36CF /* PacketTunnelProvider */ = {
			isa = PBXNativeTarget;
			buildConfigurationList = D8020BA62D838FAA008F36CF /* Build configuration list for PBXNativeTarget "PacketTunnelProvider" */;
			buildPhases = (
				D8020B972D838FAA008F36CF /* Sources */,
				D8020B982D838FAA008F36CF /* Frameworks */,
				D8020B992D838FAA008F36CF /* Resources */,
			);
			buildRules = (
			);
			dependencies = (
			);
			fileSystemSynchronizedGroups = (
				D8020B9D2D838FAA008F36CF /* PacketTunnelProvider */,
			);
			name = PacketTunnelProvider;
			packageProductDependencies = (
			);
			productName = PacketTunnelProvider;
			productReference = D8020B9B2D838FAA008F36CF /* PacketTunnelProvider.appex */;
			productType = "com.apple.product-type.app-extension";
		};
/* End PBXNativeTarget section */

/* Begin PBXProject section */
		D8020B4E2D838DF0008F36CF /* Project object */ = {
			isa = PBXProject;
			attributes = {
				BuildIndependentTargetsInParallel = 1;
				LastSwiftUpdateCheck = 1620;
				LastUpgradeCheck = 1620;
				TargetAttributes = {
					3A25C0B22D958AC000955407 = {
						CreatedOnToolsVersion = 16.2;
					};
					D8020B552D838DF0008F36CF = {
						CreatedOnToolsVersion = 16.2;
					};
					D8020B9A2D838FAA008F36CF = {
						CreatedOnToolsVersion = 16.2;
					};
				};
			};
			buildConfigurationList = D8020B512D838DF0008F36CF /* Build configuration list for PBXProject "cntrlr" */;
			developmentRegion = en;
			hasScannedForEncodings = 0;
			knownRegions = (
				en,
				Base,
			);
			mainGroup = D8020B4D2D838DF0008F36CF;
			minimizedProjectReferenceProxies = 1;
			preferredProjectObjectVersion = 77;
			productRefGroup = D8020B572D838DF0008F36CF /* Products */;
			projectDirPath = "";
			projectRoot = "";
			targets = (
				D8020B552D838DF0008F36CF /* VPNclientEngine */,
				D8020B9A2D838FAA008F36CF /* PacketTunnelProvider */,
				3A25C0B22D958AC000955407 /* VPNclientEngineIOS */,
			);
		};
/* End PBXProject section */

/* Begin PBXResourcesBuildPhase section */
		3A25C0B12D958AC000955407 /* Resources */ = {
			isa = PBXResourcesBuildPhase;
			buildActionMask = 2147483647;
			files = (
			);
			runOnlyForDeploymentPostprocessing = 0;
		};
		D8020B542D838DF0008F36CF /* Resources */ = {
			isa = PBXResourcesBuildPhase;
			buildActionMask = 2147483647;
			files = (
			);
			runOnlyForDeploymentPostprocessing = 0;
		};
		D8020B992D838FAA008F36CF /* Resources */ = {
			isa = PBXResourcesBuildPhase;
			buildActionMask = 2147483647;
			files = (
			);
			runOnlyForDeploymentPostprocessing = 0;
		};
/* End PBXResourcesBuildPhase section */

/* Begin PBXSourcesBuildPhase section */
		3A25C0AF2D958AC000955407 /* Sources */ = {
			isa = PBXSourcesBuildPhase;
			buildActionMask = 2147483647;
			files = (
			);
			runOnlyForDeploymentPostprocessing = 0;
		};
		D8020B522D838DF0008F36CF /* Sources */ = {
			isa = PBXSourcesBuildPhase;
			buildActionMask = 2147483647;
			files = (
			);
			runOnlyForDeploymentPostprocessing = 0;
		};
		D8020B972D838FAA008F36CF /* Sources */ = {
			isa = PBXSourcesBuildPhase;
			buildActionMask = 2147483647;
			files = (
			);
			runOnlyForDeploymentPostprocessing = 0;
		};
/* End PBXSourcesBuildPhase section */

/* Begin PBXTargetDependency section */
		3A25C0BA2D958AC000955407 /* PBXTargetDependency */ = {
			isa = PBXTargetDependency;
			target = 3A25C0B22D958AC000955407 /* VPNclientEngineIOS */;
			targetProxy = 3A25C0B92D958AC000955407 /* PBXContainerItemProxy */;
		};
		D8020BA32D838FAA008F36CF /* PBXTargetDependency */ = {
			isa = PBXTargetDependency;
			target = D8020B9A2D838FAA008F36CF /* PacketTunnelProvider */;
			targetProxy = D8020BA22D838FAA008F36CF /* PBXContainerItemProxy */;
		};
/* End PBXTargetDependency section */

/* Begin XCBuildConfiguration section */
		3A25C0BE2D958AC000955407 /* Debug */ = {
			isa = XCBuildConfiguration;
			buildSettings = {
				ALLOW_TARGET_PLATFORM_SPECIALIZATION = YES;
				BUILD_LIBRARY_FOR_DISTRIBUTION = YES;
				CODE_SIGN_STYLE = Automatic;
				CURRENT_PROJECT_VERSION = 1;
				DEFINES_MODULE = YES;
				DEVELOPMENT_TEAM = 6XT4R7V83F;
				DYLIB_COMPATIBILITY_VERSION = 1;
				DYLIB_CURRENT_VERSION = 1;
				DYLIB_INSTALL_NAME_BASE = "@rpath";
				ENABLE_MODULE_VERIFIER = YES;
				GENERATE_INFOPLIST_FILE = YES;
				INFOPLIST_KEY_NSHumanReadableCopyright = "";
				INSTALL_PATH = "$(LOCAL_LIBRARY_DIR)/Frameworks";
				IPHONEOS_DEPLOYMENT_TARGET = 15.6;
				LD_RUNPATH_SEARCH_PATHS = (
					"@executable_path/Frameworks",
					"@loader_path/Frameworks",
				);
				"LD_RUNPATH_SEARCH_PATHS[sdk=macosx*]" = (
					"@executable_path/../Frameworks",
					"@loader_path/Frameworks",
				);
				MACOSX_DEPLOYMENT_TARGET = 11.5;
				MARKETING_VERSION = 1.0;
				MODULE_VERIFIER_SUPPORTED_LANGUAGES = "objective-c objective-c++";
				MODULE_VERIFIER_SUPPORTED_LANGUAGE_STANDARDS = "gnu17 gnu++20";
				PRODUCT_BUNDLE_IDENTIFIER = click.vpnclient.engine.ios;
				PRODUCT_NAME = "$(TARGET_NAME:c99extidentifier)";
				SDKROOT = auto;
				SKIP_INSTALL = YES;
				SUPPORTED_PLATFORMS = "xrsimulator xros watchsimulator watchos macosx iphonesimulator iphoneos driverkit appletvsimulator appletvos";
				SUPPORTS_MACCATALYST = YES;
				SWIFT_EMIT_LOC_STRINGS = YES;
				SWIFT_INSTALL_OBJC_HEADER = NO;
				SWIFT_VERSION = 5.0;
				TARGETED_DEVICE_FAMILY = "1,2,7";
				VERSIONING_SYSTEM = "apple-generic";
				VERSION_INFO_PREFIX = "";
				XROS_DEPLOYMENT_TARGET = 2.2;
			};
			name = Debug;
		};
		3A25C0BF2D958AC000955407 /* Release */ = {
			isa = XCBuildConfiguration;
			buildSettings = {
				ALLOW_TARGET_PLATFORM_SPECIALIZATION = YES;
				BUILD_LIBRARY_FOR_DISTRIBUTION = YES;
				CODE_SIGN_STYLE = Automatic;
				CURRENT_PROJECT_VERSION = 1;
				DEFINES_MODULE = YES;
				DEVELOPMENT_TEAM = 6XT4R7V83F;
				DYLIB_COMPATIBILITY_VERSION = 1;
				DYLIB_CURRENT_VERSION = 1;
				DYLIB_INSTALL_NAME_BASE = "@rpath";
				ENABLE_MODULE_VERIFIER = YES;
				GENERATE_INFOPLIST_FILE = YES;
				INFOPLIST_KEY_NSHumanReadableCopyright = "";
				INSTALL_PATH = "$(LOCAL_LIBRARY_DIR)/Frameworks";
				IPHONEOS_DEPLOYMENT_TARGET = 15.6;
				LD_RUNPATH_SEARCH_PATHS = (
					"@executable_path/Frameworks",
					"@loader_path/Frameworks",
				);
				"LD_RUNPATH_SEARCH_PATHS[sdk=macosx*]" = (
					"@executable_path/../Frameworks",
					"@loader_path/Frameworks",
				);
				MACOSX_DEPLOYMENT_TARGET = 11.5;
				MARKETING_VERSION = 1.0;
				MODULE_VERIFIER_SUPPORTED_LANGUAGES = "objective-c objective-c++";
				MODULE_VERIFIER_SUPPORTED_LANGUAGE_STANDARDS = "gnu17 gnu++20";
				PRODUCT_BUNDLE_IDENTIFIER = click.vpnclient.engine.ios;
				PRODUCT_NAME = "$(TARGET_NAME:c99extidentifier)";
				SDKROOT = auto;
				SKIP_INSTALL = YES;
				SUPPORTED_PLATFORMS = "xrsimulator xros watchsimulator watchos macosx iphonesimulator iphoneos driverkit appletvsimulator appletvos";
				SUPPORTS_MACCATALYST = YES;
				SWIFT_EMIT_LOC_STRINGS = YES;
				SWIFT_INSTALL_OBJC_HEADER = NO;
				SWIFT_VERSION = 5.0;
				TARGETED_DEVICE_FAMILY = "1,2,7";
				VERSIONING_SYSTEM = "apple-generic";
				VERSION_INFO_PREFIX = "";
				XROS_DEPLOYMENT_TARGET = 2.2;
			};
			name = Release;
		};
		D8020B642D838DF1008F36CF /* Debug */ = {
			isa = XCBuildConfiguration;
			buildSettings = {
				ALWAYS_SEARCH_USER_PATHS = NO;
				ASSETCATALOG_COMPILER_GENERATE_SWIFT_ASSET_SYMBOL_EXTENSIONS = YES;
				CLANG_ANALYZER_NONNULL = YES;
				CLANG_ANALYZER_NUMBER_OBJECT_CONVERSION = YES_AGGRESSIVE;
				CLANG_CXX_LANGUAGE_STANDARD = "gnu++20";
				CLANG_ENABLE_MODULES = YES;
				CLANG_ENABLE_OBJC_ARC = YES;
				CLANG_ENABLE_OBJC_WEAK = YES;
				CLANG_WARN_BLOCK_CAPTURE_AUTORELEASING = YES;
				CLANG_WARN_BOOL_CONVERSION = YES;
				CLANG_WARN_COMMA = YES;
				CLANG_WARN_CONSTANT_CONVERSION = YES;
				CLANG_WARN_DEPRECATED_OBJC_IMPLEMENTATIONS = YES;
				CLANG_WARN_DIRECT_OBJC_ISA_USAGE = YES_ERROR;
				CLANG_WARN_DOCUMENTATION_COMMENTS = YES;
				CLANG_WARN_EMPTY_BODY = YES;
				CLANG_WARN_ENUM_CONVERSION = YES;
				CLANG_WARN_INFINITE_RECURSION = YES;
				CLANG_WARN_INT_CONVERSION = YES;
				CLANG_WARN_NON_LITERAL_NULL_CONVERSION = YES;
				CLANG_WARN_OBJC_IMPLICIT_RETAIN_SELF = YES;
				CLANG_WARN_OBJC_LITERAL_CONVERSION = YES;
				CLANG_WARN_OBJC_ROOT_CLASS = YES_ERROR;
				CLANG_WARN_QUOTED_INCLUDE_IN_FRAMEWORK_HEADER = YES;
				CLANG_WARN_RANGE_LOOP_ANALYSIS = YES;
				CLANG_WARN_STRICT_PROTOTYPES = YES;
				CLANG_WARN_SUSPICIOUS_MOVE = YES;
				CLANG_WARN_UNGUARDED_AVAILABILITY = YES_AGGRESSIVE;
				CLANG_WARN_UNREACHABLE_CODE = YES;
				CLANG_WARN__DUPLICATE_METHOD_MATCH = YES;
				COPY_PHASE_STRIP = NO;
				DEBUG_INFORMATION_FORMAT = dwarf;
				ENABLE_STRICT_OBJC_MSGSEND = YES;
				ENABLE_TESTABILITY = YES;
				ENABLE_USER_SCRIPT_SANDBOXING = YES;
				GCC_C_LANGUAGE_STANDARD = gnu17;
				GCC_DYNAMIC_NO_PIC = NO;
				GCC_NO_COMMON_BLOCKS = YES;
				GCC_OPTIMIZATION_LEVEL = 0;
				GCC_PREPROCESSOR_DEFINITIONS = (
					"DEBUG=1",
					"$(inherited)",
				);
				GCC_WARN_64_TO_32_BIT_CONVERSION = YES;
				GCC_WARN_ABOUT_RETURN_TYPE = YES_ERROR;
				GCC_WARN_UNDECLARED_SELECTOR = YES;
				GCC_WARN_UNINITIALIZED_AUTOS = YES_AGGRESSIVE;
				GCC_WARN_UNUSED_FUNCTION = YES;
				GCC_WARN_UNUSED_VARIABLE = YES;
				IPHONEOS_DEPLOYMENT_TARGET = 18.2;
				LOCALIZATION_PREFERS_STRING_CATALOGS = YES;
				MTL_ENABLE_DEBUG_INFO = INCLUDE_SOURCE;
				MTL_FAST_MATH = YES;
				ONLY_ACTIVE_ARCH = YES;
				SDKROOT = iphoneos;
				SWIFT_ACTIVE_COMPILATION_CONDITIONS = "DEBUG $(inherited)";
				SWIFT_OPTIMIZATION_LEVEL = "-Onone";
			};
			name = Debug;
		};
		D8020B652D838DF1008F36CF /* Release */ = {
			isa = XCBuildConfiguration;
			buildSettings = {
				ALWAYS_SEARCH_USER_PATHS = NO;
				ASSETCATALOG_COMPILER_GENERATE_SWIFT_ASSET_SYMBOL_EXTENSIONS = YES;
				CLANG_ANALYZER_NONNULL = YES;
				CLANG_ANALYZER_NUMBER_OBJECT_CONVERSION = YES_AGGRESSIVE;
				CLANG_CXX_LANGUAGE_STANDARD = "gnu++20";
				CLANG_ENABLE_MODULES = YES;
				CLANG_ENABLE_OBJC_ARC = YES;
				CLANG_ENABLE_OBJC_WEAK = YES;
				CLANG_WARN_BLOCK_CAPTURE_AUTORELEASING = YES;
				CLANG_WARN_BOOL_CONVERSION = YES;
				CLANG_WARN_COMMA = YES;
				CLANG_WARN_CONSTANT_CONVERSION = YES;
				CLANG_WARN_DEPRECATED_OBJC_IMPLEMENTATIONS = YES;
				CLANG_WARN_DIRECT_OBJC_ISA_USAGE = YES_ERROR;
				CLANG_WARN_DOCUMENTATION_COMMENTS = YES;
				CLANG_WARN_EMPTY_BODY = YES;
				CLANG_WARN_ENUM_CONVERSION = YES;
				CLANG_WARN_INFINITE_RECURSION = YES;
				CLANG_WARN_INT_CONVERSION = YES;
				CLANG_WARN_NON_LITERAL_NULL_CONVERSION = YES;
				CLANG_WARN_OBJC_IMPLICIT_RETAIN_SELF = YES;
				CLANG_WARN_OBJC_LITERAL_CONVERSION = YES;
				CLANG_WARN_OBJC_ROOT_CLASS = YES_ERROR;
				CLANG_WARN_QUOTED_INCLUDE_IN_FRAMEWORK_HEADER = YES;
				CLANG_WARN_RANGE_LOOP_ANALYSIS = YES;
				CLANG_WARN_STRICT_PROTOTYPES = YES;
				CLANG_WARN_SUSPICIOUS_MOVE = YES;
				CLANG_WARN_UNGUARDED_AVAILABILITY = YES_AGGRESSIVE;
				CLANG_WARN_UNREACHABLE_CODE = YES;
				CLANG_WARN__DUPLICATE_METHOD_MATCH = YES;
				COPY_PHASE_STRIP = NO;
				DEBUG_INFORMATION_FORMAT = "dwarf-with-dsym";
				ENABLE_NS_ASSERTIONS = NO;
				ENABLE_STRICT_OBJC_MSGSEND = YES;
				ENABLE_USER_SCRIPT_SANDBOXING = YES;
				GCC_C_LANGUAGE_STANDARD = gnu17;
				GCC_NO_COMMON_BLOCKS = YES;
				GCC_WARN_64_TO_32_BIT_CONVERSION = YES;
				GCC_WARN_ABOUT_RETURN_TYPE = YES_ERROR;
				GCC_WARN_UNDECLARED_SELECTOR = YES;
				GCC_WARN_UNINITIALIZED_AUTOS = YES_AGGRESSIVE;
				GCC_WARN_UNUSED_FUNCTION = YES;
				GCC_WARN_UNUSED_VARIABLE = YES;
				IPHONEOS_DEPLOYMENT_TARGET = 18.2;
				LOCALIZATION_PREFERS_STRING_CATALOGS = YES;
				MTL_ENABLE_DEBUG_INFO = NO;
				MTL_FAST_MATH = YES;
				SDKROOT = iphoneos;
				SWIFT_COMPILATION_MODE = wholemodule;
				VALIDATE_PRODUCT = YES;
			};
			name = Release;
		};
		D8020B672D838DF1008F36CF /* Debug */ = {
			isa = XCBuildConfiguration;
			buildSettings = {
				ASSETCATALOG_COMPILER_APPICON_NAME = AppIcon;
				ASSETCATALOG_COMPILER_GLOBAL_ACCENT_COLOR_NAME = AccentColor;
				CODE_SIGN_ENTITLEMENTS = cntrlr/cntrlr.entitlements;
				CODE_SIGN_STYLE = Automatic;
				CURRENT_PROJECT_VERSION = 1;
				DEVELOPMENT_ASSET_PATHS = "\"cntrlr/Preview Content\"";
				DEVELOPMENT_TEAM = 6XT4R7V83F;
				ENABLE_PREVIEWS = YES;
				GENERATE_INFOPLIST_FILE = YES;
				INFOPLIST_KEY_UIApplicationSceneManifest_Generation = YES;
				INFOPLIST_KEY_UIApplicationSupportsIndirectInputEvents = YES;
				INFOPLIST_KEY_UILaunchScreen_Generation = YES;
				INFOPLIST_KEY_UISupportedInterfaceOrientations_iPad = "UIInterfaceOrientationPortrait UIInterfaceOrientationPortraitUpsideDown UIInterfaceOrientationLandscapeLeft UIInterfaceOrientationLandscapeRight";
				INFOPLIST_KEY_UISupportedInterfaceOrientations_iPhone = "UIInterfaceOrientationPortrait UIInterfaceOrientationLandscapeLeft UIInterfaceOrientationLandscapeRight";
				IPHONEOS_DEPLOYMENT_TARGET = 15.6;
				LD_RUNPATH_SEARCH_PATHS = (
					"$(inherited)",
					"@executable_path/Frameworks",
				);
				MARKETING_VERSION = 1.0;
				PRODUCT_BUNDLE_IDENTIFIER = click.vpnclient.engine;
				PRODUCT_NAME = "$(TARGET_NAME)";
				SWIFT_EMIT_LOC_STRINGS = YES;
				SWIFT_VERSION = 5.0;
				TARGETED_DEVICE_FAMILY = "1,2";
			};
			name = Debug;
		};
		D8020B682D838DF1008F36CF /* Release */ = {
			isa = XCBuildConfiguration;
			buildSettings = {
				ASSETCATALOG_COMPILER_APPICON_NAME = AppIcon;
				ASSETCATALOG_COMPILER_GLOBAL_ACCENT_COLOR_NAME = AccentColor;
				CODE_SIGN_ENTITLEMENTS = cntrlr/cntrlr.entitlements;
				CODE_SIGN_STYLE = Automatic;
				CURRENT_PROJECT_VERSION = 1;
				DEVELOPMENT_ASSET_PATHS = "\"cntrlr/Preview Content\"";
				DEVELOPMENT_TEAM = 6XT4R7V83F;
				ENABLE_PREVIEWS = YES;
				GENERATE_INFOPLIST_FILE = YES;
				INFOPLIST_KEY_UIApplicationSceneManifest_Generation = YES;
				INFOPLIST_KEY_UIApplicationSupportsIndirectInputEvents = YES;
				INFOPLIST_KEY_UILaunchScreen_Generation = YES;
				INFOPLIST_KEY_UISupportedInterfaceOrientations_iPad = "UIInterfaceOrientationPortrait UIInterfaceOrientationPortraitUpsideDown UIInterfaceOrientationLandscapeLeft UIInterfaceOrientationLandscapeRight";
				INFOPLIST_KEY_UISupportedInterfaceOrientations_iPhone = "UIInterfaceOrientationPortrait UIInterfaceOrientationLandscapeLeft UIInterfaceOrientationLandscapeRight";
				IPHONEOS_DEPLOYMENT_TARGET = 15.6;
				LD_RUNPATH_SEARCH_PATHS = (
					"$(inherited)",
					"@executable_path/Frameworks",
				);
				MARKETING_VERSION = 1.0;
				PRODUCT_BUNDLE_IDENTIFIER = click.vpnclient.engine;
				PRODUCT_NAME = "$(TARGET_NAME)";
				SWIFT_EMIT_LOC_STRINGS = YES;
				SWIFT_VERSION = 5.0;
				TARGETED_DEVICE_FAMILY = "1,2";
			};
			name = Release;
		};
		D8020BA72D838FAA008F36CF /* Debug */ = {
			isa = XCBuildConfiguration;
			buildSettings = {
				CODE_SIGN_ENTITLEMENTS = PacketTunnelProvider/PacketTunnelProvider.entitlements;
				CODE_SIGN_STYLE = Automatic;
				CURRENT_PROJECT_VERSION = 1;
				DEVELOPMENT_TEAM = 6XT4R7V83F;
				GENERATE_INFOPLIST_FILE = YES;
				INFOPLIST_FILE = PacketTunnelProvider/Info.plist;
				INFOPLIST_KEY_CFBundleDisplayName = PacketTunnelProvider;
				INFOPLIST_KEY_NSHumanReadableCopyright = "";
				IPHONEOS_DEPLOYMENT_TARGET = 15.6;
				LD_RUNPATH_SEARCH_PATHS = (
					"$(inherited)",
					"@executable_path/Frameworks",
					"@executable_path/../../Frameworks",
				);
				MARKETING_VERSION = 1.0;
				PRODUCT_BUNDLE_IDENTIFIER = click.vpnclient.engine.PacketTunnelProvider;
				PRODUCT_NAME = "$(TARGET_NAME)";
				SKIP_INSTALL = YES;
				SWIFT_EMIT_LOC_STRINGS = YES;
				SWIFT_VERSION = 5.0;
				TARGETED_DEVICE_FAMILY = "1,2";
			};
			name = Debug;
		};
		D8020BA82D838FAA008F36CF /* Release */ = {
			isa = XCBuildConfiguration;
			buildSettings = {
				CODE_SIGN_ENTITLEMENTS = PacketTunnelProvider/PacketTunnelProvider.entitlements;
				CODE_SIGN_STYLE = Automatic;
				CURRENT_PROJECT_VERSION = 1;
				DEVELOPMENT_TEAM = 6XT4R7V83F;
				GENERATE_INFOPLIST_FILE = YES;
				INFOPLIST_FILE = PacketTunnelProvider/Info.plist;
				INFOPLIST_KEY_CFBundleDisplayName = PacketTunnelProvider;
				INFOPLIST_KEY_NSHumanReadableCopyright = "";
				IPHONEOS_DEPLOYMENT_TARGET = 15.6;
				LD_RUNPATH_SEARCH_PATHS = (
					"$(inherited)",
					"@executable_path/Frameworks",
					"@executable_path/../../Frameworks",
				);
				MARKETING_VERSION = 1.0;
				PRODUCT_BUNDLE_IDENTIFIER = click.vpnclient.engine.PacketTunnelProvider;
				PRODUCT_NAME = "$(TARGET_NAME)";
				SKIP_INSTALL = YES;
				SWIFT_EMIT_LOC_STRINGS = YES;
				SWIFT_VERSION = 5.0;
				TARGETED_DEVICE_FAMILY = "1,2";
			};
			name = Release;
		};
/* End XCBuildConfiguration section */

/* Begin XCConfigurationList section */
		3A25C0C12D958AC000955407 /* Build configuration list for PBXNativeTarget "VPNclientEngineIOS" */ = {
			isa = XCConfigurationList;
			buildConfigurations = (
				3A25C0BE2D958AC000955407 /* Debug */,
				3A25C0BF2D958AC000955407 /* Release */,
			);
			defaultConfigurationIsVisible = 0;
			defaultConfigurationName = Release;
		};
		D8020B512D838DF0008F36CF /* Build configuration list for PBXProject "cntrlr" */ = {
			isa = XCConfigurationList;
			buildConfigurations = (
				D8020B642D838DF1008F36CF /* Debug */,
				D8020B652D838DF1008F36CF /* Release */,
			);
			defaultConfigurationIsVisible = 0;
			defaultConfigurationName = Release;
		};
		D8020B662D838DF1008F36CF /* Build configuration list for PBXNativeTarget "VPNclientEngine" */ = {
			isa = XCConfigurationList;
			buildConfigurations = (
				D8020B672D838DF1008F36CF /* Debug */,
				D8020B682D838DF1008F36CF /* Release */,
			);
			defaultConfigurationIsVisible = 0;
			defaultConfigurationName = Release;
		};
		D8020BA62D838FAA008F36CF /* Build configuration list for PBXNativeTarget "PacketTunnelProvider" */ = {
			isa = XCConfigurationList;
			buildConfigurations = (
				D8020BA72D838FAA008F36CF /* Debug */,
				D8020BA82D838FAA008F36CF /* Release */,
			);
			defaultConfigurationIsVisible = 0;
			defaultConfigurationName = Release;
		};
/* End XCConfigurationList section */
	};
	rootObject = D8020B4E2D838DF0008F36CF /* Project object */;
}
